
Microsoft Visual Studio Solution File, Format Version 12.00
# Visual Studio Version 17
VisualStudioVersion = 17.3.32811.315
MinimumVisualStudioVersion = 10.0.40219.1
Project("{9A19103F-16F7-4668-BE54-9A1E7A4F7556}") = "MockSupersets.EntityFrameworkCore", "MockSupersets.EntityFrameworkCore\MockSupersets.EntityFrameworkCore.csproj", "{33FCF199-9A26-4CCB-90F8-028AF576237C}"
EndProject
Project("{9A19103F-16F7-4668-BE54-9A1E7A4F7556}") = "MockSupersets.EntityFrameworkCore.Tests", "MockSupersets.EntityFrameworkCore.Tests\MockSupersets.EntityFrameworkCore.Tests.csproj", "{18431238-1564-422C-AA0C-9485DDD7011A}"
EndProject
Global
	GlobalSection(SolutionConfigurationPlatforms) = preSolution
		Debug|Any CPU = Debug|Any CPU
		Release|Any CPU = Release|Any CPU
	EndGlobalSection
	GlobalSection(ProjectConfigurationPlatforms) = postSolution
		{33FCF199-9A26-4CCB-90F8-028AF576237C}.Debug|Any CPU.ActiveCfg = Debug|Any CPU
		{33FCF199-9A26-4CCB-90F8-028AF576237C}.Debug|Any CPU.Build.0 = Debug|Any CPU
		{33FCF199-9A26-4CCB-90F8-028AF576237C}.Release|Any CPU.ActiveCfg = Release|Any CPU
		{33FCF199-9A26-4CCB-90F8-028AF576237C}.Release|Any CPU.Build.0 = Release|Any CPU
		{18431238-1564-422C-AA0C-9485DDD7011A}.Debug|Any CPU.ActiveCfg = Debug|Any CPU
		{18431238-1564-422C-AA0C-9485DDD7011A}.Debug|Any CPU.Build.0 = Debug|Any CPU
		{18431238-1564-422C-AA0C-9485DDD7011A}.Release|Any CPU.ActiveCfg = Release|Any CPU
		{18431238-1564-422C-AA0C-9485DDD7011A}.Release|Any CPU.Build.0 = Release|Any CPU
	EndGlobalSection
	GlobalSection(SolutionProperties) = preSolution
		HideSolutionNode = FALSE
	EndGlobalSection
	GlobalSection(ExtensibilityGlobals) = postSolution
		SolutionGuid = {DEAD6728-666C-4539-911C-288B384A7C05}
	EndGlobalSection
EndGlobal
