
Microsoft Visual Studio Solution File, Format Version 12.00
# Visual Studio Version 17
VisualStudioVersion = 17.2.32630.192
MinimumVisualStudioVersion = 10.0.40219.1
Project("{9A19103F-16F7-4668-BE54-9A1E7A4F7556}") = "MockSupersets.EntityFramework", "MockSupersets.EntityFramework\MockSupersets.EntityFramework.csproj", "{7B03C9A6-1ED0-4A40-B2AC-7F126293434B}"
EndProject
Project("{FAE04EC0-301F-11D3-BF4B-00C04F79EFBC}") = "MockSupersets.EntityFramework.Common", "MockSupersets.EntityFramework.Common\MockSupersets.EntityFramework.Common.csproj", "{83A84211-5F0E-4A07-84D5-0C19B87030DE}"
EndProject
Project("{FAE04EC0-301F-11D3-BF4B-00C04F79EFBC}") = "MockSupersets.EntityFrameworkCore", "MockSupersets.EntityFrameworkCore\MockSupersets.EntityFrameworkCore.csproj", "{33FCF199-9A26-4CCB-90F8-028AF576237C}"
EndProject
Global
	GlobalSection(SolutionConfigurationPlatforms) = preSolution
		Debug|Any CPU = Debug|Any CPU
		Release|Any CPU = Release|Any CPU
	EndGlobalSection
	GlobalSection(ProjectConfigurationPlatforms) = postSolution
		{7B03C9A6-1ED0-4A40-B2AC-7F126293434B}.Debug|Any CPU.ActiveCfg = Debug|Any CPU
		{7B03C9A6-1ED0-4A40-B2AC-7F126293434B}.Debug|Any CPU.Build.0 = Debug|Any CPU
		{7B03C9A6-1ED0-4A40-B2AC-7F126293434B}.Release|Any CPU.ActiveCfg = Release|Any CPU
		{7B03C9A6-1ED0-4A40-B2AC-7F126293434B}.Release|Any CPU.Build.0 = Release|Any CPU
		{83A84211-5F0E-4A07-84D5-0C19B87030DE}.Debug|Any CPU.ActiveCfg = Debug|Any CPU
		{83A84211-5F0E-4A07-84D5-0C19B87030DE}.Debug|Any CPU.Build.0 = Debug|Any CPU
		{83A84211-5F0E-4A07-84D5-0C19B87030DE}.Release|Any CPU.ActiveCfg = Release|Any CPU
		{83A84211-5F0E-4A07-84D5-0C19B87030DE}.Release|Any CPU.Build.0 = Release|Any CPU
		{33FCF199-9A26-4CCB-90F8-028AF576237C}.Debug|Any CPU.ActiveCfg = Debug|Any CPU
		{33FCF199-9A26-4CCB-90F8-028AF576237C}.Debug|Any CPU.Build.0 = Debug|Any CPU
		{33FCF199-9A26-4CCB-90F8-028AF576237C}.Release|Any CPU.ActiveCfg = Release|Any CPU
		{33FCF199-9A26-4CCB-90F8-028AF576237C}.Release|Any CPU.Build.0 = Release|Any CPU
	EndGlobalSection
	GlobalSection(SolutionProperties) = preSolution
		HideSolutionNode = FALSE
	EndGlobalSection
	GlobalSection(ExtensibilityGlobals) = postSolution
		SolutionGuid = {DEAD6728-666C-4539-911C-288B384A7C05}
	EndGlobalSection
EndGlobal
